// !$*UTF8*$!
{
	archiveVersion = 1;
	classes = {
	};
	objectVersion = 55;
	objects = {

/* Begin PBXBuildFile section */
		5512E27F27526EE100766743 /* AppDelegate.swift in Sources */ = {isa = PBXBuildFile; fileRef = 5512E27E27526EE100766743 /* AppDelegate.swift */; };
		5512E28127526EE100766743 /* SceneDelegate.swift in Sources */ = {isa = PBXBuildFile; fileRef = 5512E28027526EE100766743 /* SceneDelegate.swift */; };
		5512E28327526EE100766743 /* StartVC.swift in Sources */ = {isa = PBXBuildFile; fileRef = 5512E28227526EE100766743 /* StartVC.swift */; };
		5512E28627526EE100766743 /* Main.storyboard in Resources */ = {isa = PBXBuildFile; fileRef = 5512E28427526EE100766743 /* Main.storyboard */; };
		5512E28927526EE100766743 /* PokeList.xcdatamodeld in Sources */ = {isa = PBXBuildFile; fileRef = 5512E28727526EE100766743 /* PokeList.xcdatamodeld */; };
		5512E28B27526EE200766743 /* Assets.xcassets in Resources */ = {isa = PBXBuildFile; fileRef = 5512E28A27526EE200766743 /* Assets.xcassets */; };
		5512E28E27526EE200766743 /* LaunchScreen.storyboard in Resources */ = {isa = PBXBuildFile; fileRef = 5512E28C27526EE200766743 /* LaunchScreen.storyboard */; };
		5512E2992752749000766743 /* UIImage+Gif.swift in Sources */ = {isa = PBXBuildFile; fileRef = 5512E2982752749000766743 /* UIImage+Gif.swift */; };
		5512E29B275278B400766743 /* splash.gif in Resources */ = {isa = PBXBuildFile; fileRef = 5512E29A275278B400766743 /* splash.gif */; };
		5567EF63275316A8002E9513 /* StartView.swift in Sources */ = {isa = PBXBuildFile; fileRef = 5567EF62275316A8002E9513 /* StartView.swift */; };
		F3FD4C7C90E6F4ED4F17E122 /* Pods_PokeList.framework in Frameworks */ = {isa = PBXBuildFile; fileRef = AE74686A0D7C2A6AAF189192 /* Pods_PokeList.framework */; };
/* End PBXBuildFile section */

/* Begin PBXFileReference section */
		5512E27B27526EE100766743 /* PokeList.app */ = {isa = PBXFileReference; explicitFileType = wrapper.application; includeInIndex = 0; path = PokeList.app; sourceTree = BUILT_PRODUCTS_DIR; };
		5512E27E27526EE100766743 /* AppDelegate.swift */ = {isa = PBXFileReference; lastKnownFileType = sourcecode.swift; path = AppDelegate.swift; sourceTree = "<group>"; };
		5512E28027526EE100766743 /* SceneDelegate.swift */ = {isa = PBXFileReference; lastKnownFileType = sourcecode.swift; path = SceneDelegate.swift; sourceTree = "<group>"; };
		5512E28227526EE100766743 /* StartVC.swift */ = {isa = PBXFileReference; lastKnownFileType = sourcecode.swift; path = StartVC.swift; sourceTree = "<group>"; };
		5512E28527526EE100766743 /* Base */ = {isa = PBXFileReference; lastKnownFileType = file.storyboard; name = Base; path = Base.lproj/Main.storyboard; sourceTree = "<group>"; };
		5512E28827526EE100766743 /* PokeList.xcdatamodel */ = {isa = PBXFileReference; lastKnownFileType = wrapper.xcdatamodel; path = PokeList.xcdatamodel; sourceTree = "<group>"; };
		5512E28A27526EE200766743 /* Assets.xcassets */ = {isa = PBXFileReference; lastKnownFileType = folder.assetcatalog; path = Assets.xcassets; sourceTree = "<group>"; };
		5512E28D27526EE200766743 /* Base */ = {isa = PBXFileReference; lastKnownFileType = file.storyboard; name = Base; path = Base.lproj/LaunchScreen.storyboard; sourceTree = "<group>"; };
		5512E28F27526EE200766743 /* Info.plist */ = {isa = PBXFileReference; lastKnownFileType = text.plist.xml; path = Info.plist; sourceTree = "<group>"; };
		5512E2982752749000766743 /* UIImage+Gif.swift */ = {isa = PBXFileReference; lastKnownFileType = sourcecode.swift; path = "UIImage+Gif.swift"; sourceTree = "<group>"; };
		5512E29A275278B400766743 /* splash.gif */ = {isa = PBXFileReference; lastKnownFileType = image.gif; path = splash.gif; sourceTree = "<group>"; };
		5567EF62275316A8002E9513 /* StartView.swift */ = {isa = PBXFileReference; lastKnownFileType = sourcecode.swift; path = StartView.swift; sourceTree = "<group>"; };
		AE74686A0D7C2A6AAF189192 /* Pods_PokeList.framework */ = {isa = PBXFileReference; explicitFileType = wrapper.framework; includeInIndex = 0; path = Pods_PokeList.framework; sourceTree = BUILT_PRODUCTS_DIR; };
		B6CD39A96258F1A3B0CC82F2 /* Pods-PokeList.debug.xcconfig */ = {isa = PBXFileReference; includeInIndex = 1; lastKnownFileType = text.xcconfig; name = "Pods-PokeList.debug.xcconfig"; path = "Target Support Files/Pods-PokeList/Pods-PokeList.debug.xcconfig"; sourceTree = "<group>"; };
		F50A9DFB457CEA0AE38359C4 /* Pods-PokeList.release.xcconfig */ = {isa = PBXFileReference; includeInIndex = 1; lastKnownFileType = text.xcconfig; name = "Pods-PokeList.release.xcconfig"; path = "Target Support Files/Pods-PokeList/Pods-PokeList.release.xcconfig"; sourceTree = "<group>"; };
/* End PBXFileReference section */

/* Begin PBXFrameworksBuildPhase section */
		5512E27827526EE100766743 /* Frameworks */ = {
			isa = PBXFrameworksBuildPhase;
			buildActionMask = 2147483647;
			files = (
				F3FD4C7C90E6F4ED4F17E122 /* Pods_PokeList.framework in Frameworks */,
			);
			runOnlyForDeploymentPostprocessing = 0;
		};
/* End PBXFrameworksBuildPhase section */

/* Begin PBXGroup section */
		136B29D7653948865AFEF647 /* Frameworks */ = {
			isa = PBXGroup;
			children = (
				AE74686A0D7C2A6AAF189192 /* Pods_PokeList.framework */,
			);
			name = Frameworks;
			sourceTree = "<group>";
		};
		5512E27227526EE100766743 = {
			isa = PBXGroup;
			children = (
				5512E27D27526EE100766743 /* PokeList */,
				5512E27C27526EE100766743 /* Products */,
				E1211784E74D5EEE55C373A9 /* Pods */,
				136B29D7653948865AFEF647 /* Frameworks */,
			);
			sourceTree = "<group>";
		};
		5512E27C27526EE100766743 /* Products */ = {
			isa = PBXGroup;
			children = (
				5512E27B27526EE100766743 /* PokeList.app */,
			);
			name = Products;
			sourceTree = "<group>";
		};
		5512E27D27526EE100766743 /* PokeList */ = {
			isa = PBXGroup;
			children = (
				5512E27E27526EE100766743 /* AppDelegate.swift */,
				5512E28027526EE100766743 /* SceneDelegate.swift */,
				5512E28C27526EE200766743 /* LaunchScreen.storyboard */,
				5512E29A275278B400766743 /* splash.gif */,
				5512E28A27526EE200766743 /* Assets.xcassets */,
				5512E28F27526EE200766743 /* Info.plist */,
				5512E28727526EE100766743 /* PokeList.xcdatamodeld */,
				5512E2952752722F00766743 /* Extensions */,
				5567EF6127531653002E9513 /* Views */,
				5567EF602753164F002E9513 /* Controllers */,
			);
			path = PokeList;
			sourceTree = "<group>";
		};
		5512E2952752722F00766743 /* Extensions */ = {
			isa = PBXGroup;
			children = (
				5512E2982752749000766743 /* UIImage+Gif.swift */,
			);
			path = Extensions;
			sourceTree = "<group>";
		};
		5567EF602753164F002E9513 /* Controllers */ = {
			isa = PBXGroup;
			children = (
				5512E28227526EE100766743 /* StartVC.swift */,
			);
			path = Controllers;
			sourceTree = "<group>";
		};
		5567EF6127531653002E9513 /* Views */ = {
			isa = PBXGroup;
			children = (
				5512E28427526EE100766743 /* Main.storyboard */,
				5567EF62275316A8002E9513 /* StartView.swift */,
			);
			path = Views;
			sourceTree = "<group>";
		};
		E1211784E74D5EEE55C373A9 /* Pods */ = {
			isa = PBXGroup;
			children = (
				B6CD39A96258F1A3B0CC82F2 /* Pods-PokeList.debug.xcconfig */,
				F50A9DFB457CEA0AE38359C4 /* Pods-PokeList.release.xcconfig */,
			);
			path = Pods;
			sourceTree = "<group>";
		};
/* End PBXGroup section */

/* Begin PBXNativeTarget section */
		5512E27A27526EE100766743 /* PokeList */ = {
			isa = PBXNativeTarget;
			buildConfigurationList = 5512E29227526EE200766743 /* Build configuration list for PBXNativeTarget "PokeList" */;
			buildPhases = (
				A1D30A94DD34C9DB3FA35AD8 /* [CP] Check Pods Manifest.lock */,
				5512E27727526EE100766743 /* Sources */,
				5512E27827526EE100766743 /* Frameworks */,
				5512E27927526EE100766743 /* Resources */,
				844C016B0B87A70D5F8A2A91 /* [CP] Embed Pods Frameworks */,
			);
			buildRules = (
			);
			dependencies = (
			);
			name = PokeList;
			productName = PokeList;
			productReference = 5512E27B27526EE100766743 /* PokeList.app */;
			productType = "com.apple.product-type.application";
		};
/* End PBXNativeTarget section */

/* Begin PBXProject section */
		5512E27327526EE100766743 /* Project object */ = {
			isa = PBXProject;
			attributes = {
				BuildIndependentTargetsInParallel = 1;
				LastSwiftUpdateCheck = 1300;
				LastUpgradeCheck = 1300;
				TargetAttributes = {
					5512E27A27526EE100766743 = {
						CreatedOnToolsVersion = 13.0;
					};
				};
			};
			buildConfigurationList = 5512E27627526EE100766743 /* Build configuration list for PBXProject "PokeList" */;
			compatibilityVersion = "Xcode 13.0";
			developmentRegion = en;
			hasScannedForEncodings = 0;
			knownRegions = (
				en,
				Base,
			);
			mainGroup = 5512E27227526EE100766743;
			productRefGroup = 5512E27C27526EE100766743 /* Products */;
			projectDirPath = "";
			projectRoot = "";
			targets = (
				5512E27A27526EE100766743 /* PokeList */,
			);
		};
/* End PBXProject section */

/* Begin PBXResourcesBuildPhase section */
		5512E27927526EE100766743 /* Resources */ = {
			isa = PBXResourcesBuildPhase;
			buildActionMask = 2147483647;
			files = (
				5512E28E27526EE200766743 /* LaunchScreen.storyboard in Resources */,
				5512E28B27526EE200766743 /* Assets.xcassets in Resources */,
				5512E29B275278B400766743 /* splash.gif in Resources */,
				5512E28627526EE100766743 /* Main.storyboard in Resources */,
			);
			runOnlyForDeploymentPostprocessing = 0;
		};
/* End PBXResourcesBuildPhase section */

/* Begin PBXShellScriptBuildPhase section */
		844C016B0B87A70D5F8A2A91 /* [CP] Embed Pods Frameworks */ = {
			isa = PBXShellScriptBuildPhase;
			buildActionMask = 2147483647;
			files = (
			);
			inputFileListPaths = (
				"${PODS_ROOT}/Target Support Files/Pods-PokeList/Pods-PokeList-frameworks-${CONFIGURATION}-input-files.xcfilelist",
			);
			name = "[CP] Embed Pods Frameworks";
			outputFileListPaths = (
				"${PODS_ROOT}/Target Support Files/Pods-PokeList/Pods-PokeList-frameworks-${CONFIGURATION}-output-files.xcfilelist",
			);
			runOnlyForDeploymentPostprocessing = 0;
			shellPath = /bin/sh;
			shellScript = "\"${PODS_ROOT}/Target Support Files/Pods-PokeList/Pods-PokeList-frameworks.sh\"\n";
			showEnvVarsInLog = 0;
		};
		A1D30A94DD34C9DB3FA35AD8 /* [CP] Check Pods Manifest.lock */ = {
			isa = PBXShellScriptBuildPhase;
			buildActionMask = 2147483647;
			files = (
			);
			inputFileListPaths = (
			);
			inputPaths = (
				"${PODS_PODFILE_DIR_PATH}/Podfile.lock",
				"${PODS_ROOT}/Manifest.lock",
			);
			name = "[CP] Check Pods Manifest.lock";
			outputFileListPaths = (
			);
			outputPaths = (
				"$(DERIVED_FILE_DIR)/Pods-PokeList-checkManifestLockResult.txt",
			);
			runOnlyForDeploymentPostprocessing = 0;
			shellPath = /bin/sh;
			shellScript = "diff \"${PODS_PODFILE_DIR_PATH}/Podfile.lock\" \"${PODS_ROOT}/Manifest.lock\" > /dev/null\nif [ $? != 0 ] ; then\n    # print error to STDERR\n    echo \"error: The sandbox is not in sync with the Podfile.lock. Run 'pod install' or update your CocoaPods installation.\" >&2\n    exit 1\nfi\n# This output is used by Xcode 'outputs' to avoid re-running this script phase.\necho \"SUCCESS\" > \"${SCRIPT_OUTPUT_FILE_0}\"\n";
			showEnvVarsInLog = 0;
		};
/* End PBXShellScriptBuildPhase section */

/* Begin PBXSourcesBuildPhase section */
		5512E27727526EE100766743 /* Sources */ = {
			isa = PBXSourcesBuildPhase;
			buildActionMask = 2147483647;
			files = (
				5512E28927526EE100766743 /* PokeList.xcdatamodeld in Sources */,
				5512E28327526EE100766743 /* StartVC.swift in Sources */,
				5512E27F27526EE100766743 /* AppDelegate.swift in Sources */,
				5567EF63275316A8002E9513 /* StartView.swift in Sources */,
				5512E2992752749000766743 /* UIImage+Gif.swift in Sources */,
				5512E28127526EE100766743 /* SceneDelegate.swift in Sources */,
			);
			runOnlyForDeploymentPostprocessing = 0;
		};
/* End PBXSourcesBuildPhase section */

/* Begin PBXVariantGroup section */
		5512E28427526EE100766743 /* Main.storyboard */ = {
			isa = PBXVariantGroup;
			children = (
				5512E28527526EE100766743 /* Base */,
			);
			name = Main.storyboard;
			sourceTree = "<group>";
		};
		5512E28C27526EE200766743 /* LaunchScreen.storyboard */ = {
			isa = PBXVariantGroup;
			children = (
				5512E28D27526EE200766743 /* Base */,
			);
			name = LaunchScreen.storyboard;
			sourceTree = "<group>";
		};
/* End PBXVariantGroup section */

/* Begin XCBuildConfiguration section */
		5512E29027526EE200766743 /* Debug */ = {
			isa = XCBuildConfiguration;
			buildSettings = {
				ALWAYS_SEARCH_USER_PATHS = NO;
				CLANG_ANALYZER_NONNULL = YES;
				CLANG_ANALYZER_NUMBER_OBJECT_CONVERSION = YES_AGGRESSIVE;
				CLANG_CXX_LANGUAGE_STANDARD = "gnu++17";
				CLANG_CXX_LIBRARY = "libc++";
				CLANG_ENABLE_MODULES = YES;
				CLANG_ENABLE_OBJC_ARC = YES;
				CLANG_ENABLE_OBJC_WEAK = YES;
				CLANG_WARN_BLOCK_CAPTURE_AUTORELEASING = YES;
				CLANG_WARN_BOOL_CONVERSION = YES;
				CLANG_WARN_COMMA = YES;
				CLANG_WARN_CONSTANT_CONVERSION = YES;
				CLANG_WARN_DEPRECATED_OBJC_IMPLEMENTATIONS = YES;
				CLANG_WARN_DIRECT_OBJC_ISA_USAGE = YES_ERROR;
				CLANG_WARN_DOCUMENTATION_COMMENTS = YES;
				CLANG_WARN_EMPTY_BODY = YES;
				CLANG_WARN_ENUM_CONVERSION = YES;
				CLANG_WARN_INFINITE_RECURSION = YES;
				CLANG_WARN_INT_CONVERSION = YES;
				CLANG_WARN_NON_LITERAL_NULL_CONVERSION = YES;
				CLANG_WARN_OBJC_IMPLICIT_RETAIN_SELF = YES;
				CLANG_WARN_OBJC_LITERAL_CONVERSION = YES;
				CLANG_WARN_OBJC_ROOT_CLASS = YES_ERROR;
				CLANG_WARN_QUOTED_INCLUDE_IN_FRAMEWORK_HEADER = YES;
				CLANG_WARN_RANGE_LOOP_ANALYSIS = YES;
				CLANG_WARN_STRICT_PROTOTYPES = YES;
				CLANG_WARN_SUSPICIOUS_MOVE = YES;
				CLANG_WARN_UNGUARDED_AVAILABILITY = YES_AGGRESSIVE;
				CLANG_WARN_UNREACHABLE_CODE = YES;
				CLANG_WARN__DUPLICATE_METHOD_MATCH = YES;
				COPY_PHASE_STRIP = NO;
				DEBUG_INFORMATION_FORMAT = dwarf;
				ENABLE_STRICT_OBJC_MSGSEND = YES;
				ENABLE_TESTABILITY = YES;
				GCC_C_LANGUAGE_STANDARD = gnu11;
				GCC_DYNAMIC_NO_PIC = NO;
				GCC_NO_COMMON_BLOCKS = YES;
				GCC_OPTIMIZATION_LEVEL = 0;
				GCC_PREPROCESSOR_DEFINITIONS = (
					"DEBUG=1",
					"$(inherited)",
				);
				GCC_WARN_64_TO_32_BIT_CONVERSION = YES;
				GCC_WARN_ABOUT_RETURN_TYPE = YES_ERROR;
				GCC_WARN_UNDECLARED_SELECTOR = YES;
				GCC_WARN_UNINITIALIZED_AUTOS = YES_AGGRESSIVE;
				GCC_WARN_UNUSED_FUNCTION = YES;
				GCC_WARN_UNUSED_VARIABLE = YES;
				IPHONEOS_DEPLOYMENT_TARGET = 15.0;
				MTL_ENABLE_DEBUG_INFO = INCLUDE_SOURCE;
				MTL_FAST_MATH = YES;
				ONLY_ACTIVE_ARCH = YES;
				SDKROOT = iphoneos;
				SWIFT_ACTIVE_COMPILATION_CONDITIONS = DEBUG;
				SWIFT_OPTIMIZATION_LEVEL = "-Onone";
			};
			name = Debug;
		};
		5512E29127526EE200766743 /* Release */ = {
			isa = XCBuildConfiguration;
			buildSettings = {
				ALWAYS_SEARCH_USER_PATHS = NO;
				CLANG_ANALYZER_NONNULL = YES;
				CLANG_ANALYZER_NUMBER_OBJECT_CONVERSION = YES_AGGRESSIVE;
				CLANG_CXX_LANGUAGE_STANDARD = "gnu++17";
				CLANG_CXX_LIBRARY = "libc++";
				CLANG_ENABLE_MODULES = YES;
				CLANG_ENABLE_OBJC_ARC = YES;
				CLANG_ENABLE_OBJC_WEAK = YES;
				CLANG_WARN_BLOCK_CAPTURE_AUTORELEASING = YES;
				CLANG_WARN_BOOL_CONVERSION = YES;
				CLANG_WARN_COMMA = YES;
				CLANG_WARN_CONSTANT_CONVERSION = YES;
				CLANG_WARN_DEPRECATED_OBJC_IMPLEMENTATIONS = YES;
				CLANG_WARN_DIRECT_OBJC_ISA_USAGE = YES_ERROR;
				CLANG_WARN_DOCUMENTATION_COMMENTS = YES;
				CLANG_WARN_EMPTY_BODY = YES;
				CLANG_WARN_ENUM_CONVERSION = YES;
				CLANG_WARN_INFINITE_RECURSION = YES;
				CLANG_WARN_INT_CONVERSION = YES;
				CLANG_WARN_NON_LITERAL_NULL_CONVERSION = YES;
				CLANG_WARN_OBJC_IMPLICIT_RETAIN_SELF = YES;
				CLANG_WARN_OBJC_LITERAL_CONVERSION = YES;
				CLANG_WARN_OBJC_ROOT_CLASS = YES_ERROR;
				CLANG_WARN_QUOTED_INCLUDE_IN_FRAMEWORK_HEADER = YES;
				CLANG_WARN_RANGE_LOOP_ANALYSIS = YES;
				CLANG_WARN_STRICT_PROTOTYPES = YES;
				CLANG_WARN_SUSPICIOUS_MOVE = YES;
				CLANG_WARN_UNGUARDED_AVAILABILITY = YES_AGGRESSIVE;
				CLANG_WARN_UNREACHABLE_CODE = YES;
				CLANG_WARN__DUPLICATE_METHOD_MATCH = YES;
				COPY_PHASE_STRIP = NO;
				DEBUG_INFORMATION_FORMAT = "dwarf-with-dsym";
				ENABLE_NS_ASSERTIONS = NO;
				ENABLE_STRICT_OBJC_MSGSEND = YES;
				GCC_C_LANGUAGE_STANDARD = gnu11;
				GCC_NO_COMMON_BLOCKS = YES;
				GCC_WARN_64_TO_32_BIT_CONVERSION = YES;
				GCC_WARN_ABOUT_RETURN_TYPE = YES_ERROR;
				GCC_WARN_UNDECLARED_SELECTOR = YES;
				GCC_WARN_UNINITIALIZED_AUTOS = YES_AGGRESSIVE;
				GCC_WARN_UNUSED_FUNCTION = YES;
				GCC_WARN_UNUSED_VARIABLE = YES;
				IPHONEOS_DEPLOYMENT_TARGET = 15.0;
				MTL_ENABLE_DEBUG_INFO = NO;
				MTL_FAST_MATH = YES;
				SDKROOT = iphoneos;
				SWIFT_COMPILATION_MODE = wholemodule;
				SWIFT_OPTIMIZATION_LEVEL = "-O";
				VALIDATE_PRODUCT = YES;
			};
			name = Release;
		};
		5512E29327526EE200766743 /* Debug */ = {
			isa = XCBuildConfiguration;
			baseConfigurationReference = B6CD39A96258F1A3B0CC82F2 /* Pods-PokeList.debug.xcconfig */;
			buildSettings = {
				ASSETCATALOG_COMPILER_APPICON_NAME = AppIcon;
				ASSETCATALOG_COMPILER_GLOBAL_ACCENT_COLOR_NAME = AccentColor;
				CODE_SIGN_STYLE = Automatic;
				CURRENT_PROJECT_VERSION = 1;
				DEVELOPMENT_TEAM = 97AT3DUA4M;
				"EXCLUDED_ARCHS[sdk=iphonesimulator*]" = arm64;
				GENERATE_INFOPLIST_FILE = YES;
				INFOPLIST_FILE = PokeList/Info.plist;
				INFOPLIST_KEY_UIApplicationSupportsIndirectInputEvents = YES;
				INFOPLIST_KEY_UILaunchStoryboardName = LaunchScreen;
				INFOPLIST_KEY_UIMainStoryboardFile = Main;
				INFOPLIST_KEY_UISupportedInterfaceOrientations_iPad = "UIInterfaceOrientationPortrait UIInterfaceOrientationPortraitUpsideDown UIInterfaceOrientationLandscapeLeft UIInterfaceOrientationLandscapeRight";
				INFOPLIST_KEY_UISupportedInterfaceOrientations_iPhone = "UIInterfaceOrientationPortrait UIInterfaceOrientationLandscapeLeft UIInterfaceOrientationLandscapeRight";
				LD_RUNPATH_SEARCH_PATHS = (
					"$(inherited)",
					"@executable_path/Frameworks",
				);
				MARKETING_VERSION = 1.0;
				PRODUCT_BUNDLE_IDENTIFIER = com.thiago.pokelist.PokeList;
				PRODUCT_NAME = "$(TARGET_NAME)";
				SWIFT_EMIT_LOC_STRINGS = YES;
				SWIFT_VERSION = 5.0;
				TARGETED_DEVICE_FAMILY = "1,2";
			};
			name = Debug;
		};
		5512E29427526EE200766743 /* Release */ = {
			isa = XCBuildConfiguration;
			baseConfigurationReference = F50A9DFB457CEA0AE38359C4 /* Pods-PokeList.release.xcconfig */;
			buildSettings = {
				ASSETCATALOG_COMPILER_APPICON_NAME = AppIcon;
				ASSETCATALOG_COMPILER_GLOBAL_ACCENT_COLOR_NAME = AccentColor;
				CODE_SIGN_STYLE = Automatic;
				CURRENT_PROJECT_VERSION = 1;
				DEVELOPMENT_TEAM = 97AT3DUA4M;
				"EXCLUDED_ARCHS[sdk=iphonesimulator*]" = arm64;
				GENERATE_INFOPLIST_FILE = YES;
				INFOPLIST_FILE = PokeList/Info.plist;
				INFOPLIST_KEY_UIApplicationSupportsIndirectInputEvents = YES;
				INFOPLIST_KEY_UILaunchStoryboardName = LaunchScreen;
				INFOPLIST_KEY_UIMainStoryboardFile = Main;
				INFOPLIST_KEY_UISupportedInterfaceOrientations_iPad = "UIInterfaceOrientationPortrait UIInterfaceOrientationPortraitUpsideDown UIInterfaceOrientationLandscapeLeft UIInterfaceOrientationLandscapeRight";
				INFOPLIST_KEY_UISupportedInterfaceOrientations_iPhone = "UIInterfaceOrientationPortrait UIInterfaceOrientationLandscapeLeft UIInterfaceOrientationLandscapeRight";
				LD_RUNPATH_SEARCH_PATHS = (
					"$(inherited)",
					"@executable_path/Frameworks",
				);
				MARKETING_VERSION = 1.0;
				PRODUCT_BUNDLE_IDENTIFIER = com.thiago.pokelist.PokeList;
				PRODUCT_NAME = "$(TARGET_NAME)";
				SWIFT_EMIT_LOC_STRINGS = YES;
				SWIFT_VERSION = 5.0;
				TARGETED_DEVICE_FAMILY = "1,2";
			};
			name = Release;
		};
/* End XCBuildConfiguration section */

/* Begin XCConfigurationList section */
		5512E27627526EE100766743 /* Build configuration list for PBXProject "PokeList" */ = {
			isa = XCConfigurationList;
			buildConfigurations = (
				5512E29027526EE200766743 /* Debug */,
				5512E29127526EE200766743 /* Release */,
			);
			defaultConfigurationIsVisible = 0;
			defaultConfigurationName = Release;
		};
		5512E29227526EE200766743 /* Build configuration list for PBXNativeTarget "PokeList" */ = {
			isa = XCConfigurationList;
			buildConfigurations = (
				5512E29327526EE200766743 /* Debug */,
				5512E29427526EE200766743 /* Release */,
			);
			defaultConfigurationIsVisible = 0;
			defaultConfigurationName = Release;
		};
/* End XCConfigurationList section */

/* Begin XCVersionGroup section */
		5512E28727526EE100766743 /* PokeList.xcdatamodeld */ = {
			isa = XCVersionGroup;
			children = (
				5512E28827526EE100766743 /* PokeList.xcdatamodel */,
			);
			currentVersion = 5512E28827526EE100766743 /* PokeList.xcdatamodel */;
			path = PokeList.xcdatamodeld;
			sourceTree = "<group>";
			versionGroupType = wrapper.xcdatamodel;
		};
/* End XCVersionGroup section */
	};
	rootObject = 5512E27327526EE100766743 /* Project object */;
}
